
Microsoft Visual Studio Solution File, Format Version 12.00
# Visual Studio 15
VisualStudioVersion = 15.0.26730.3
MinimumVisualStudioVersion = 10.0.40219.1
Project("{9A19103F-16F7-4668-BE54-9A1E7A4F7556}") = "HanaSpa.Api", "HanaSpa.Api\HanaSpa.Api.csproj", "{C3660C93-1668-4102-A5DC-4497FD785D7B}"
EndProject
Project("{9A19103F-16F7-4668-BE54-9A1E7A4F7556}") = "HanaSpa.Business", "HanaSpa.Business\HanaSpa.Business.csproj", "{FA12EA7D-3B0D-4CBB-96D6-803061FA4026}"
EndProject
Project("{9A19103F-16F7-4668-BE54-9A1E7A4F7556}") = "HanaSpa.Dto", "HanaSpa.Dto\HanaSpa.Dto.csproj", "{085FED56-2BB7-48AD-ACB5-5AE56DD56229}"
EndProject
Project("{9A19103F-16F7-4668-BE54-9A1E7A4F7556}") = "HanaSpa.Infrastructure", "HanaSpa.Infrastructure\HanaSpa.Infrastructure.csproj", "{6D1ADF0F-3050-4BE8-8153-6788AD5FCBD0}"
EndProject
Project("{9A19103F-16F7-4668-BE54-9A1E7A4F7556}") = "HanaSpa.Data", "HanaSpa.Data\HanaSpa.Data.csproj", "{27F0FDF7-E55E-4BAA-9CFF-7BB212638999}"
EndProject
Project("{9A19103F-16F7-4668-BE54-9A1E7A4F7556}") = "HanaSpa.Common", "HanaSpa.Common\HanaSpa.Common.csproj", "{BC04774B-487B-436B-89EA-CDF23E955669}"
EndProject
Project("{9A19103F-16F7-4668-BE54-9A1E7A4F7556}") = "HanaSpa.ViewModel", "HanaSpa.ViewModel\HanaSpa.ViewModel.csproj", "{935BA517-BE70-403A-9505-FC3182B2C183}"
EndProject
Project("{9A19103F-16F7-4668-BE54-9A1E7A4F7556}") = "HanaSpa.Map", "HanaSpa.Map\HanaSpa.Map.csproj", "{19640243-E848-4758-8E33-53B3AAA98B26}"
EndProject
Project("{9A19103F-16F7-4668-BE54-9A1E7A4F7556}") = "RivonHouse.Business", "..\..\RivonHouse\RivonHouse.Business\RivonHouse.Business.csproj", "{0E0AC7CE-A0A5-48BE-A645-EFAEDB3547C1}"
EndProject
Project("{9A19103F-16F7-4668-BE54-9A1E7A4F7556}") = "RivonHouse.Common", "..\..\RivonHouse\RivonHouse.Common\RivonHouse.Common.csproj", "{D2C80AB6-DDA9-45F7-B9D7-726E7B4F98BF}"
EndProject
Project("{9A19103F-16F7-4668-BE54-9A1E7A4F7556}") = "RivonHouse.Data", "..\..\RivonHouse\RivonHouse.Data\RivonHouse.Data.csproj", "{24870189-0DD1-4A21-80AA-B8A9218C7E3A}"
EndProject
Project("{9A19103F-16F7-4668-BE54-9A1E7A4F7556}") = "RivonHouse.Infrastructure", "..\..\RivonHouse\RivonHouse.Infrastructure\RivonHouse.Infrastructure.csproj", "{B071B824-EF1B-4D59-BD2E-891837E4908C}"
EndProject
Global
	GlobalSection(SolutionConfigurationPlatforms) = preSolution
		Debug|Any CPU = Debug|Any CPU
		Release|Any CPU = Release|Any CPU
	EndGlobalSection
	GlobalSection(ProjectConfigurationPlatforms) = postSolution
		{C3660C93-1668-4102-A5DC-4497FD785D7B}.Debug|Any CPU.ActiveCfg = Debug|Any CPU
		{C3660C93-1668-4102-A5DC-4497FD785D7B}.Debug|Any CPU.Build.0 = Debug|Any CPU
		{C3660C93-1668-4102-A5DC-4497FD785D7B}.Release|Any CPU.ActiveCfg = Release|Any CPU
		{C3660C93-1668-4102-A5DC-4497FD785D7B}.Release|Any CPU.Build.0 = Release|Any CPU
		{FA12EA7D-3B0D-4CBB-96D6-803061FA4026}.Debug|Any CPU.ActiveCfg = Debug|Any CPU
		{FA12EA7D-3B0D-4CBB-96D6-803061FA4026}.Debug|Any CPU.Build.0 = Debug|Any CPU
		{FA12EA7D-3B0D-4CBB-96D6-803061FA4026}.Release|Any CPU.ActiveCfg = Release|Any CPU
		{FA12EA7D-3B0D-4CBB-96D6-803061FA4026}.Release|Any CPU.Build.0 = Release|Any CPU
		{085FED56-2BB7-48AD-ACB5-5AE56DD56229}.Debug|Any CPU.ActiveCfg = Debug|Any CPU
		{085FED56-2BB7-48AD-ACB5-5AE56DD56229}.Debug|Any CPU.Build.0 = Debug|Any CPU
		{085FED56-2BB7-48AD-ACB5-5AE56DD56229}.Release|Any CPU.ActiveCfg = Release|Any CPU
		{085FED56-2BB7-48AD-ACB5-5AE56DD56229}.Release|Any CPU.Build.0 = Release|Any CPU
		{6D1ADF0F-3050-4BE8-8153-6788AD5FCBD0}.Debug|Any CPU.ActiveCfg = Debug|Any CPU
		{6D1ADF0F-3050-4BE8-8153-6788AD5FCBD0}.Debug|Any CPU.Build.0 = Debug|Any CPU
		{6D1ADF0F-3050-4BE8-8153-6788AD5FCBD0}.Release|Any CPU.ActiveCfg = Release|Any CPU
		{6D1ADF0F-3050-4BE8-8153-6788AD5FCBD0}.Release|Any CPU.Build.0 = Release|Any CPU
		{27F0FDF7-E55E-4BAA-9CFF-7BB212638999}.Debug|Any CPU.ActiveCfg = Debug|Any CPU
		{27F0FDF7-E55E-4BAA-9CFF-7BB212638999}.Debug|Any CPU.Build.0 = Debug|Any CPU
		{27F0FDF7-E55E-4BAA-9CFF-7BB212638999}.Release|Any CPU.ActiveCfg = Release|Any CPU
		{27F0FDF7-E55E-4BAA-9CFF-7BB212638999}.Release|Any CPU.Build.0 = Release|Any CPU
		{BC04774B-487B-436B-89EA-CDF23E955669}.Debug|Any CPU.ActiveCfg = Debug|Any CPU
		{BC04774B-487B-436B-89EA-CDF23E955669}.Debug|Any CPU.Build.0 = Debug|Any CPU
		{BC04774B-487B-436B-89EA-CDF23E955669}.Release|Any CPU.ActiveCfg = Release|Any CPU
		{BC04774B-487B-436B-89EA-CDF23E955669}.Release|Any CPU.Build.0 = Release|Any CPU
		{935BA517-BE70-403A-9505-FC3182B2C183}.Debug|Any CPU.ActiveCfg = Debug|Any CPU
		{935BA517-BE70-403A-9505-FC3182B2C183}.Debug|Any CPU.Build.0 = Debug|Any CPU
		{935BA517-BE70-403A-9505-FC3182B2C183}.Release|Any CPU.ActiveCfg = Release|Any CPU
		{935BA517-BE70-403A-9505-FC3182B2C183}.Release|Any CPU.Build.0 = Release|Any CPU
		{19640243-E848-4758-8E33-53B3AAA98B26}.Debug|Any CPU.ActiveCfg = Debug|Any CPU
		{19640243-E848-4758-8E33-53B3AAA98B26}.Debug|Any CPU.Build.0 = Debug|Any CPU
		{19640243-E848-4758-8E33-53B3AAA98B26}.Release|Any CPU.ActiveCfg = Release|Any CPU
		{19640243-E848-4758-8E33-53B3AAA98B26}.Release|Any CPU.Build.0 = Release|Any CPU
		{0E0AC7CE-A0A5-48BE-A645-EFAEDB3547C1}.Debug|Any CPU.ActiveCfg = Debug|Any CPU
		{0E0AC7CE-A0A5-48BE-A645-EFAEDB3547C1}.Debug|Any CPU.Build.0 = Debug|Any CPU
		{0E0AC7CE-A0A5-48BE-A645-EFAEDB3547C1}.Release|Any CPU.ActiveCfg = Release|Any CPU
		{0E0AC7CE-A0A5-48BE-A645-EFAEDB3547C1}.Release|Any CPU.Build.0 = Release|Any CPU
		{D2C80AB6-DDA9-45F7-B9D7-726E7B4F98BF}.Debug|Any CPU.ActiveCfg = Debug|Any CPU
		{D2C80AB6-DDA9-45F7-B9D7-726E7B4F98BF}.Debug|Any CPU.Build.0 = Debug|Any CPU
		{D2C80AB6-DDA9-45F7-B9D7-726E7B4F98BF}.Release|Any CPU.ActiveCfg = Release|Any CPU
		{D2C80AB6-DDA9-45F7-B9D7-726E7B4F98BF}.Release|Any CPU.Build.0 = Release|Any CPU
		{24870189-0DD1-4A21-80AA-B8A9218C7E3A}.Debug|Any CPU.ActiveCfg = Debug|Any CPU
		{24870189-0DD1-4A21-80AA-B8A9218C7E3A}.Debug|Any CPU.Build.0 = Debug|Any CPU
		{24870189-0DD1-4A21-80AA-B8A9218C7E3A}.Release|Any CPU.ActiveCfg = Release|Any CPU
		{24870189-0DD1-4A21-80AA-B8A9218C7E3A}.Release|Any CPU.Build.0 = Release|Any CPU
		{B071B824-EF1B-4D59-BD2E-891837E4908C}.Debug|Any CPU.ActiveCfg = Debug|Any CPU
		{B071B824-EF1B-4D59-BD2E-891837E4908C}.Debug|Any CPU.Build.0 = Debug|Any CPU
		{B071B824-EF1B-4D59-BD2E-891837E4908C}.Release|Any CPU.ActiveCfg = Release|Any CPU
		{B071B824-EF1B-4D59-BD2E-891837E4908C}.Release|Any CPU.Build.0 = Release|Any CPU
	EndGlobalSection
	GlobalSection(SolutionProperties) = preSolution
		HideSolutionNode = FALSE
	EndGlobalSection
	GlobalSection(ExtensibilityGlobals) = postSolution
		SolutionGuid = {3644D95B-0C9C-4502-8181-24E38BACFEAB}
	EndGlobalSection
EndGlobal
